Microsoft Visual Studio Solution File, Format Version 12.00
# Visual Studio 15
VisualStudioVersion = 15.0.27703.2000
MinimumVisualStudioVersion = 10.0.40219.1
Project("{9A19103F-16F7-4668-BE54-9A1E7A4F7556}") = "MailCheck.Dkim.Entity", "MailCheck.Dkim.Entity\MailCheck.Dkim.Entity.csproj", "{8D8F7C35-2329-46FB-84F4-966C1518BB9C}"
EndProject
Project("{9A19103F-16F7-4668-BE54-9A1E7A4F7556}") = "MailCheck.Dkim.Scheduler", "MailCheck.Dkim.Scheduler\MailCheck.Dkim.Scheduler.csproj", "{4B0010E4-1AD9-4952-A220-BFE8BFDC30CF}"
EndProject
Project("{9A19103F-16F7-4668-BE54-9A1E7A4F7556}") = "MailCheck.Dkim.Poller", "MailCheck.Dkim.Poller\MailCheck.Dkim.Poller.csproj", "{5EB10674-AEE6-4702-B57E-AB42D99FCD94}"
EndProject
Project("{9A19103F-16F7-4668-BE54-9A1E7A4F7556}") = "MailCheck.Dkim.Api", "MailCheck.Dkim.Api\MailCheck.Dkim.Api.csproj", "{DDB89647-DDC1-4CDB-BF27-4361808F4B28}"
EndProject
Project("{2150E333-8FDC-42A3-9474-1A3956D46DE8}") = "src", "src", "{2A5A2DB0-2B3E-4136-A3E2-9C8F2892A41B}"
EndProject
Project("{2150E333-8FDC-42A3-9474-1A3956D46DE8}") = "test", "test", "{4FA4F4FE-4266-4779-B25D-6CEFEDA971DB}"
EndProject
Project("{9A19103F-16F7-4668-BE54-9A1E7A4F7556}") = "MailCheck.Dkim.Api.Test", "MailCheck.Dkim.Api.Test\MailCheck.Dkim.Api.Test.csproj", "{25102ED4-ECD6-41E1-8EA0-66B9BAC99EDA}"
EndProject
Project("{9A19103F-16F7-4668-BE54-9A1E7A4F7556}") = "MailCheck.Dkim.Poller.Test", "MailCheck.Dkim.Poller.Test\MailCheck.Dkim.Poller.Test.csproj", "{3950921C-46A9-4C11-AD4A-2F0E0781B54B}"
EndProject
Project("{9A19103F-16F7-4668-BE54-9A1E7A4F7556}") = "MailCheck.Dkim.Scheduler.Test", "MailCheck.Dkim.Scheduler.Test\MailCheck.Dkim.Scheduler.Test.csproj", "{E4FF3EDA-69CE-461B-932D-FA5F7733AA64}"
EndProject
Project("{9A19103F-16F7-4668-BE54-9A1E7A4F7556}") = "MailCheck.Dkim.Contracts", "MailCheck.Dkim.Contracts\MailCheck.Dkim.Contracts.csproj", "{3BF7DAA3-5121-46BD-8EE4-E2FBE41A8479}"
EndProject
Project("{9A19103F-16F7-4668-BE54-9A1E7A4F7556}") = "MailCheck.Dkim.Migration", "MailCheck.Dkim.Migration\MailCheck.Dkim.Migration.csproj", "{C1BD91AE-4F77-43AB-A36C-083620D77B05}"
EndProject
Project("{9A19103F-16F7-4668-BE54-9A1E7A4F7556}") = "MailCheck.Dkim.Evaluator", "MailCheck.Dkim.Evaluator\MailCheck.Dkim.Evaluator.csproj", "{D9433D4D-EC5D-4D13-AA8C-EEFE015EDA4C}"
EndProject
Project("{9A19103F-16F7-4668-BE54-9A1E7A4F7556}") = "MailCheck.Dkim.Evaluator.Test", "MailCheck.Dkim.Evaluator.Test\MailCheck.Dkim.Evaluator.Test.csproj", "{E08997E0-3347-42E6-9C27-ADFF5FBA0CC6}"
EndProject
Project("{9A19103F-16F7-4668-BE54-9A1E7A4F7556}") = "MailCheck.Dkim.Entity.Test", "MailCheck.Dkim.Entity.Test\MailCheck.Dkim.Entity.Test.csproj", "{7FBF614F-0B73-4481-9013-F72EC399AC67}"
EndProject
Project("{9A19103F-16F7-4668-BE54-9A1E7A4F7556}") = "MailCheck.Dkim.EntityHistory", "MailCheck.Dkim.EntityHistory\MailCheck.Dkim.EntityHistory.csproj", "{0C9F5924-E701-4634-AEE1-F02356A3F440}"
EndProject
Project("{9A19103F-16F7-4668-BE54-9A1E7A4F7556}") = "MailCheck.Dkim.EntityHistory.Test", "MailCheck.Dkim.EntityHistory.Test\MailCheck.Dkim.EntityHistory.Test.csproj", "{D3098CCD-BFA8-432D-A853-48F0930C61FC}"
EndProject
Global
	GlobalSection(SolutionConfigurationPlatforms) = preSolution
		Debug|Any CPU = Debug|Any CPU
		Release|Any CPU = Release|Any CPU
	EndGlobalSection
	GlobalSection(ProjectConfigurationPlatforms) = postSolution
		{8D8F7C35-2329-46FB-84F4-966C1518BB9C}.Debug|Any CPU.ActiveCfg = Debug|Any CPU
		{8D8F7C35-2329-46FB-84F4-966C1518BB9C}.Debug|Any CPU.Build.0 = Debug|Any CPU
		{8D8F7C35-2329-46FB-84F4-966C1518BB9C}.Release|Any CPU.ActiveCfg = Release|Any CPU
		{8D8F7C35-2329-46FB-84F4-966C1518BB9C}.Release|Any CPU.Build.0 = Release|Any CPU
		{4B0010E4-1AD9-4952-A220-BFE8BFDC30CF}.Debug|Any CPU.ActiveCfg = Debug|Any CPU
		{4B0010E4-1AD9-4952-A220-BFE8BFDC30CF}.Debug|Any CPU.Build.0 = Debug|Any CPU
		{4B0010E4-1AD9-4952-A220-BFE8BFDC30CF}.Release|Any CPU.ActiveCfg = Release|Any CPU
		{4B0010E4-1AD9-4952-A220-BFE8BFDC30CF}.Release|Any CPU.Build.0 = Release|Any CPU
		{5EB10674-AEE6-4702-B57E-AB42D99FCD94}.Debug|Any CPU.ActiveCfg = Debug|Any CPU
		{5EB10674-AEE6-4702-B57E-AB42D99FCD94}.Debug|Any CPU.Build.0 = Debug|Any CPU
		{5EB10674-AEE6-4702-B57E-AB42D99FCD94}.Release|Any CPU.ActiveCfg = Release|Any CPU
		{5EB10674-AEE6-4702-B57E-AB42D99FCD94}.Release|Any CPU.Build.0 = Release|Any CPU
		{DDB89647-DDC1-4CDB-BF27-4361808F4B28}.Debug|Any CPU.ActiveCfg = Debug|Any CPU
		{DDB89647-DDC1-4CDB-BF27-4361808F4B28}.Debug|Any CPU.Build.0 = Debug|Any CPU
		{DDB89647-DDC1-4CDB-BF27-4361808F4B28}.Release|Any CPU.ActiveCfg = Release|Any CPU
		{DDB89647-DDC1-4CDB-BF27-4361808F4B28}.Release|Any CPU.Build.0 = Release|Any CPU
		{25102ED4-ECD6-41E1-8EA0-66B9BAC99EDA}.Debug|Any CPU.ActiveCfg = Debug|Any CPU
		{25102ED4-ECD6-41E1-8EA0-66B9BAC99EDA}.Debug|Any CPU.Build.0 = Debug|Any CPU
		{25102ED4-ECD6-41E1-8EA0-66B9BAC99EDA}.Release|Any CPU.ActiveCfg = Release|Any CPU
		{25102ED4-ECD6-41E1-8EA0-66B9BAC99EDA}.Release|Any CPU.Build.0 = Release|Any CPU
		{3950921C-46A9-4C11-AD4A-2F0E0781B54B}.Debug|Any CPU.ActiveCfg = Debug|Any CPU
		{3950921C-46A9-4C11-AD4A-2F0E0781B54B}.Debug|Any CPU.Build.0 = Debug|Any CPU
		{3950921C-46A9-4C11-AD4A-2F0E0781B54B}.Release|Any CPU.ActiveCfg = Release|Any CPU
		{3950921C-46A9-4C11-AD4A-2F0E0781B54B}.Release|Any CPU.Build.0 = Release|Any CPU
		{E4FF3EDA-69CE-461B-932D-FA5F7733AA64}.Debug|Any CPU.ActiveCfg = Debug|Any CPU
		{E4FF3EDA-69CE-461B-932D-FA5F7733AA64}.Debug|Any CPU.Build.0 = Debug|Any CPU
		{E4FF3EDA-69CE-461B-932D-FA5F7733AA64}.Release|Any CPU.ActiveCfg = Release|Any CPU
		{E4FF3EDA-69CE-461B-932D-FA5F7733AA64}.Release|Any CPU.Build.0 = Release|Any CPU
		{3BF7DAA3-5121-46BD-8EE4-E2FBE41A8479}.Debug|Any CPU.ActiveCfg = Debug|Any CPU
		{3BF7DAA3-5121-46BD-8EE4-E2FBE41A8479}.Debug|Any CPU.Build.0 = Debug|Any CPU
		{3BF7DAA3-5121-46BD-8EE4-E2FBE41A8479}.Release|Any CPU.ActiveCfg = Release|Any CPU
		{3BF7DAA3-5121-46BD-8EE4-E2FBE41A8479}.Release|Any CPU.Build.0 = Release|Any CPU
		{C1BD91AE-4F77-43AB-A36C-083620D77B05}.Debug|Any CPU.ActiveCfg = Debug|Any CPU
		{C1BD91AE-4F77-43AB-A36C-083620D77B05}.Debug|Any CPU.Build.0 = Debug|Any CPU
		{C1BD91AE-4F77-43AB-A36C-083620D77B05}.Release|Any CPU.ActiveCfg = Release|Any CPU
		{C1BD91AE-4F77-43AB-A36C-083620D77B05}.Release|Any CPU.Build.0 = Release|Any CPU
		{D9433D4D-EC5D-4D13-AA8C-EEFE015EDA4C}.Debug|Any CPU.ActiveCfg = Debug|Any CPU
		{D9433D4D-EC5D-4D13-AA8C-EEFE015EDA4C}.Debug|Any CPU.Build.0 = Debug|Any CPU
		{D9433D4D-EC5D-4D13-AA8C-EEFE015EDA4C}.Release|Any CPU.ActiveCfg = Release|Any CPU
		{D9433D4D-EC5D-4D13-AA8C-EEFE015EDA4C}.Release|Any CPU.Build.0 = Release|Any CPU
		{E08997E0-3347-42E6-9C27-ADFF5FBA0CC6}.Debug|Any CPU.ActiveCfg = Debug|Any CPU
		{E08997E0-3347-42E6-9C27-ADFF5FBA0CC6}.Debug|Any CPU.Build.0 = Debug|Any CPU
		{E08997E0-3347-42E6-9C27-ADFF5FBA0CC6}.Release|Any CPU.ActiveCfg = Release|Any CPU
		{E08997E0-3347-42E6-9C27-ADFF5FBA0CC6}.Release|Any CPU.Build.0 = Release|Any CPU
		{7FBF614F-0B73-4481-9013-F72EC399AC67}.Debug|Any CPU.ActiveCfg = Debug|Any CPU
		{7FBF614F-0B73-4481-9013-F72EC399AC67}.Debug|Any CPU.Build.0 = Debug|Any CPU
		{7FBF614F-0B73-4481-9013-F72EC399AC67}.Release|Any CPU.ActiveCfg = Release|Any CPU
		{7FBF614F-0B73-4481-9013-F72EC399AC67}.Release|Any CPU.Build.0 = Release|Any CPU
		{0C9F5924-E701-4634-AEE1-F02356A3F440}.Debug|Any CPU.ActiveCfg = Debug|Any CPU
		{0C9F5924-E701-4634-AEE1-F02356A3F440}.Debug|Any CPU.Build.0 = Debug|Any CPU
		{0C9F5924-E701-4634-AEE1-F02356A3F440}.Release|Any CPU.ActiveCfg = Release|Any CPU
		{0C9F5924-E701-4634-AEE1-F02356A3F440}.Release|Any CPU.Build.0 = Release|Any CPU
		{D3098CCD-BFA8-432D-A853-48F0930C61FC}.Debug|Any CPU.ActiveCfg = Debug|Any CPU
		{D3098CCD-BFA8-432D-A853-48F0930C61FC}.Debug|Any CPU.Build.0 = Debug|Any CPU
		{D3098CCD-BFA8-432D-A853-48F0930C61FC}.Release|Any CPU.ActiveCfg = Release|Any CPU
		{D3098CCD-BFA8-432D-A853-48F0930C61FC}.Release|Any CPU.Build.0 = Release|Any CPU
	EndGlobalSection
	GlobalSection(SolutionProperties) = preSolution
		HideSolutionNode = FALSE
	EndGlobalSection
	GlobalSection(NestedProjects) = preSolution
		{8D8F7C35-2329-46FB-84F4-966C1518BB9C} = {2A5A2DB0-2B3E-4136-A3E2-9C8F2892A41B}
		{4B0010E4-1AD9-4952-A220-BFE8BFDC30CF} = {2A5A2DB0-2B3E-4136-A3E2-9C8F2892A41B}
		{5EB10674-AEE6-4702-B57E-AB42D99FCD94} = {2A5A2DB0-2B3E-4136-A3E2-9C8F2892A41B}
		{DDB89647-DDC1-4CDB-BF27-4361808F4B28} = {2A5A2DB0-2B3E-4136-A3E2-9C8F2892A41B}
		{25102ED4-ECD6-41E1-8EA0-66B9BAC99EDA} = {4FA4F4FE-4266-4779-B25D-6CEFEDA971DB}
		{3950921C-46A9-4C11-AD4A-2F0E0781B54B} = {4FA4F4FE-4266-4779-B25D-6CEFEDA971DB}
		{E4FF3EDA-69CE-461B-932D-FA5F7733AA64} = {4FA4F4FE-4266-4779-B25D-6CEFEDA971DB}
		{3BF7DAA3-5121-46BD-8EE4-E2FBE41A8479} = {2A5A2DB0-2B3E-4136-A3E2-9C8F2892A41B}
		{C1BD91AE-4F77-43AB-A36C-083620D77B05} = {2A5A2DB0-2B3E-4136-A3E2-9C8F2892A41B}
		{D9433D4D-EC5D-4D13-AA8C-EEFE015EDA4C} = {2A5A2DB0-2B3E-4136-A3E2-9C8F2892A41B}
		{E08997E0-3347-42E6-9C27-ADFF5FBA0CC6} = {4FA4F4FE-4266-4779-B25D-6CEFEDA971DB}
		{7FBF614F-0B73-4481-9013-F72EC399AC67} = {4FA4F4FE-4266-4779-B25D-6CEFEDA971DB}
		{0C9F5924-E701-4634-AEE1-F02356A3F440} = {2A5A2DB0-2B3E-4136-A3E2-9C8F2892A41B}
		{D3098CCD-BFA8-432D-A853-48F0930C61FC} = {4FA4F4FE-4266-4779-B25D-6CEFEDA971DB}
	EndGlobalSection
	GlobalSection(ExtensibilityGlobals) = postSolution
		SolutionGuid = {B41E5623-8177-40E5-8674-3AFD3895968F}
	EndGlobalSection
EndGlobal
